
Microsoft Visual Studio Solution File, Format Version 12.00
# Visual Studio Version 17
VisualStudioVersion = 17.14.36705.20 d17.14
MinimumVisualStudioVersion = 10.0.40219.1
Project("{888888A0-9F3D-457C-B088-3A5042F75D52}") = "lab_Week_1_3", "lab_Week_1_3.pyproj", "{C92A9E1E-51F8-4982-AEA9-C5F288BBABB8}"
EndProject
Global
	GlobalSection(SolutionConfigurationPlatforms) = preSolution
		Debug|Any CPU = Debug|Any CPU
		Release|Any CPU = Release|Any CPU
	EndGlobalSection
	GlobalSection(ProjectConfigurationPlatforms) = postSolution
		{C92A9E1E-51F8-4982-AEA9-C5F288BBABB8}.Debug|Any CPU.ActiveCfg = Debug|Any CPU
		{C92A9E1E-51F8-4982-AEA9-C5F288BBABB8}.Release|Any CPU.ActiveCfg = Release|Any CPU
	EndGlobalSection
	GlobalSection(SolutionProperties) = preSolution
		HideSolutionNode = FALSE
	EndGlobalSection
	GlobalSection(ExtensibilityGlobals) = postSolution
		SolutionGuid = {11BD46F7-F299-40B2-8FE5-38017B79E039}
	EndGlobalSection
EndGlobal
